
Microsoft Visual Studio Solution File, Format Version 12.00
# Visual Studio Version 16
VisualStudioVersion = 16.0.30907.101
MinimumVisualStudioVersion = 10.0.40219.1
Project("{FAE04EC0-301F-11D3-BF4B-00C04F79EFBC}") = "InputOutputMath", "InputOutputMath\InputOutputMath.csproj", "{23D34979-68B0-4DC7-81C7-498A93306735}"
EndProject
Global
	GlobalSection(SolutionConfigurationPlatforms) = preSolution
		Debug|Any CPU = Debug|Any CPU
		Release|Any CPU = Release|Any CPU
	EndGlobalSection
	GlobalSection(ProjectConfigurationPlatforms) = postSolution
		{23D34979-68B0-4DC7-81C7-498A93306735}.Debug|Any CPU.ActiveCfg = Debug|Any CPU
		{23D34979-68B0-4DC7-81C7-498A93306735}.Debug|Any CPU.Build.0 = Debug|Any CPU
		{23D34979-68B0-4DC7-81C7-498A93306735}.Release|Any CPU.ActiveCfg = Release|Any CPU
		{23D34979-68B0-4DC7-81C7-498A93306735}.Release|Any CPU.Build.0 = Release|Any CPU
	EndGlobalSection
	GlobalSection(SolutionProperties) = preSolution
		HideSolutionNode = FALSE
	EndGlobalSection
	GlobalSection(ExtensibilityGlobals) = postSolution
		SolutionGuid = {8FF54C7C-C0BD-43DE-B8B7-0966F0D6CC01}
	EndGlobalSection
EndGlobal
